
Microsoft Visual Studio Solution File, Format Version 12.00
# Visual Studio Version 17
VisualStudioVersion = 17.12.35506.116 d17.12
MinimumVisualStudioVersion = 10.0.40219.1
Project("{FAE04EC0-301F-11D3-BF4B-00C04F79EFBC}") = "IntegralConversion", "IntegralConversion.csproj", "{83A6C3A8-4545-4C47-ABE1-778272239350}"
EndProject
Global
	GlobalSection(SolutionConfigurationPlatforms) = preSolution
		Debug|Any CPU = Debug|Any CPU
		Release|Any CPU = Release|Any CPU
	EndGlobalSection
	GlobalSection(ProjectConfigurationPlatforms) = postSolution
		{83A6C3A8-4545-4C47-ABE1-778272239350}.Debug|Any CPU.ActiveCfg = Debug|Any CPU
		{83A6C3A8-4545-4C47-ABE1-778272239350}.Debug|Any CPU.Build.0 = Debug|Any CPU
		{83A6C3A8-4545-4C47-ABE1-778272239350}.Release|Any CPU.ActiveCfg = Release|Any CPU
		{83A6C3A8-4545-4C47-ABE1-778272239350}.Release|Any CPU.Build.0 = Release|Any CPU
	EndGlobalSection
	GlobalSection(SolutionProperties) = preSolution
		HideSolutionNode = FALSE
	EndGlobalSection
EndGlobal
