
Microsoft Visual Studio Solution File, Format Version 12.00
# Visual Studio Version 17
VisualStudioVersion = 17.12.35506.116 d17.12
MinimumVisualStudioVersion = 10.0.40219.1
Project("{FAE04EC0-301F-11D3-BF4B-00C04F79EFBC}") = "Enum3", "Enum3.csproj", "{BB38511B-6234-416E-BB28-B82718D6CA61}"
EndProject
Global
	GlobalSection(SolutionConfigurationPlatforms) = preSolution
		Debug|Any CPU = Debug|Any CPU
		Release|Any CPU = Release|Any CPU
	EndGlobalSection
	GlobalSection(ProjectConfigurationPlatforms) = postSolution
		{BB38511B-6234-416E-BB28-B82718D6CA61}.Debug|Any CPU.ActiveCfg = Debug|Any CPU
		{BB38511B-6234-416E-BB28-B82718D6CA61}.Debug|Any CPU.Build.0 = Debug|Any CPU
		{BB38511B-6234-416E-BB28-B82718D6CA61}.Release|Any CPU.ActiveCfg = Release|Any CPU
		{BB38511B-6234-416E-BB28-B82718D6CA61}.Release|Any CPU.Build.0 = Release|Any CPU
	EndGlobalSection
	GlobalSection(SolutionProperties) = preSolution
		HideSolutionNode = FALSE
	EndGlobalSection
EndGlobal
